
Microsoft Visual Studio Solution File, Format Version 12.00
# Visual Studio 15
VisualStudioVersion = 15.0.28307.1800
MinimumVisualStudioVersion = 10.0.40219.1
Project("{FAE04EC0-301F-11D3-BF4B-00C04F79EFBC}") = "WISProject1", "WISProject1\WISProject1.csproj", "{567436A8-6A5E-444D-89FF-DE83745C1FB1}"
EndProject
Global
	GlobalSection(SolutionConfigurationPlatforms) = preSolution
		Debug|Any CPU = Debug|Any CPU
		Release|Any CPU = Release|Any CPU
	EndGlobalSection
	GlobalSection(ProjectConfigurationPlatforms) = postSolution
		{567436A8-6A5E-444D-89FF-DE83745C1FB1}.Debug|Any CPU.ActiveCfg = Debug|Any CPU
		{567436A8-6A5E-444D-89FF-DE83745C1FB1}.Debug|Any CPU.Build.0 = Debug|Any CPU
		{567436A8-6A5E-444D-89FF-DE83745C1FB1}.Release|Any CPU.ActiveCfg = Release|Any CPU
		{567436A8-6A5E-444D-89FF-DE83745C1FB1}.Release|Any CPU.Build.0 = Release|Any CPU
	EndGlobalSection
	GlobalSection(SolutionProperties) = preSolution
		HideSolutionNode = FALSE
	EndGlobalSection
	GlobalSection(ExtensibilityGlobals) = postSolution
		SolutionGuid = {55E3CA0A-B4CF-4B01-9116-6160009D1CEB}
	EndGlobalSection
EndGlobal
